
Microsoft Visual Studio Solution File, Format Version 12.00
# Visual Studio 2013
VisualStudioVersion = 12.0.30723.0
MinimumVisualStudioVersion = 10.0.40219.1
Project("{9092AA53-FB77-4645-B42D-1CCCA6BD08BD}") = "NodeJS.IdentityServer", "NodeJS.IdentityServer\NodeJS.IdentityServer.njsproj", "{F40C2887-4FB2-465E-84C5-63F0DBCB616A}"
EndProject
Global
	GlobalSection(SolutionConfigurationPlatforms) = preSolution
		Debug|Any CPU = Debug|Any CPU
		Release|Any CPU = Release|Any CPU
	EndGlobalSection
	GlobalSection(ProjectConfigurationPlatforms) = postSolution
		{F40C2887-4FB2-465E-84C5-63F0DBCB616A}.Debug|Any CPU.ActiveCfg = Debug|Any CPU
		{F40C2887-4FB2-465E-84C5-63F0DBCB616A}.Debug|Any CPU.Build.0 = Debug|Any CPU
		{F40C2887-4FB2-465E-84C5-63F0DBCB616A}.Release|Any CPU.ActiveCfg = Release|Any CPU
		{F40C2887-4FB2-465E-84C5-63F0DBCB616A}.Release|Any CPU.Build.0 = Release|Any CPU
	EndGlobalSection
	GlobalSection(SolutionProperties) = preSolution
		HideSolutionNode = FALSE
	EndGlobalSection
EndGlobal
